{
  "originHash" : "7e33a9926346e47d0d3acdad811230d2bd2a7f59c41a3d0414434eac6c16c862",
  "pins" : [
    {
      "identity" : "mlx-swift",
      "kind" : "remoteSourceControl",
      "location" : "https://github.com/ml-explore/mlx-swift",
      "state" : {
        "revision" : "dc43e62d7055353c7f99fa071a4e71d29dfddc44",
        "version" : "0.31.4"
      }
    },
    {
      "identity" : "swift-collections",
      "kind" : "remoteSourceControl",
      "location" : "https://github.com/apple/swift-collections.git",
      "state" : {
        "revision" : "6675bc0ff86e61436e615df6fc5174e043e57924",
        "version" : "1.4.1"
      }
    },
    {
      "identity" : "swift-numerics",
      "kind" : "remoteSourceControl",
      "location" : "https://github.com/apple/swift-numerics",
      "state" : {
        "revision" : "0c0290ff6b24942dadb83a929ffaaa1481df04a2",
        "version" : "1.1.1"
      }
    },
    {
      "identity" : "swiftui-shimmer",
      "kind" : "remoteSourceControl",
      "location" : "https://github.com/markiv/SwiftUI-Shimmer.git",
      "state" : {
        "revision" : "0226e21f9bf355d40e07e5f5e1c33679d50e167f",
        "version" : "1.5.1"
      }
    }
  ],
  "version" : 3
}
